
Microsoft Visual Studio Solution File, Format Version 12.00
# Visual Studio Version 17
VisualStudioVersion = 17.5.33516.290
MinimumVisualStudioVersion = 10.0.40219.1
Project("{FAE04EC0-301F-11D3-BF4B-00C04F79EFBC}") = "SalesCet77.Web", "SalesCet77.Web\SalesCet77.Web.csproj", "{BE8A10E2-2DAD-437A-81C9-B893D1089170}"
EndProject
Global
	GlobalSection(SolutionConfigurationPlatforms) = preSolution
		Debug|Any CPU = Debug|Any CPU
		Release|Any CPU = Release|Any CPU
	EndGlobalSection
	GlobalSection(ProjectConfigurationPlatforms) = postSolution
		{BE8A10E2-2DAD-437A-81C9-B893D1089170}.Debug|Any CPU.ActiveCfg = Debug|Any CPU
		{BE8A10E2-2DAD-437A-81C9-B893D1089170}.Debug|Any CPU.Build.0 = Debug|Any CPU
		{BE8A10E2-2DAD-437A-81C9-B893D1089170}.Release|Any CPU.ActiveCfg = Release|Any CPU
		{BE8A10E2-2DAD-437A-81C9-B893D1089170}.Release|Any CPU.Build.0 = Release|Any CPU
	EndGlobalSection
	GlobalSection(SolutionProperties) = preSolution
		HideSolutionNode = FALSE
	EndGlobalSection
	GlobalSection(ExtensibilityGlobals) = postSolution
		SolutionGuid = {4B322073-E1DF-431B-B476-6B5D87C2F3C9}
	EndGlobalSection
EndGlobal
